
Microsoft Visual Studio Solution File, Format Version 12.00
# Visual Studio Version 16
VisualStudioVersion = 16.0.32228.343
MinimumVisualStudioVersion = 10.0.40219.1
Project("{FAE04EC0-301F-11D3-BF4B-00C04F79EFBC}") = "AuthApplication", "AuthApplication.csproj", "{EFF817F0-253B-4C68-B474-00DF0EBE8084}"
EndProject
Global
	GlobalSection(SolutionConfigurationPlatforms) = preSolution
		Debug|Any CPU = Debug|Any CPU
		Release|Any CPU = Release|Any CPU
	EndGlobalSection
	GlobalSection(ProjectConfigurationPlatforms) = postSolution
		{EFF817F0-253B-4C68-B474-00DF0EBE8084}.Debug|Any CPU.ActiveCfg = Debug|Any CPU
		{EFF817F0-253B-4C68-B474-00DF0EBE8084}.Debug|Any CPU.Build.0 = Debug|Any CPU
		{EFF817F0-253B-4C68-B474-00DF0EBE8084}.Release|Any CPU.ActiveCfg = Release|Any CPU
		{EFF817F0-253B-4C68-B474-00DF0EBE8084}.Release|Any CPU.Build.0 = Release|Any CPU
	EndGlobalSection
	GlobalSection(SolutionProperties) = preSolution
		HideSolutionNode = FALSE
	EndGlobalSection
	GlobalSection(ExtensibilityGlobals) = postSolution
		SolutionGuid = {BB6165BB-CD4E-493A-80EF-881493AE32E4}
	EndGlobalSection
EndGlobal
