
Microsoft Visual Studio Solution File, Format Version 12.00
# Visual Studio Version 16
VisualStudioVersion = 16.0.31911.196
MinimumVisualStudioVersion = 10.0.40219.1
Project("{FAE04EC0-301F-11D3-BF4B-00C04F79EFBC}") = "MultipageWebAppDB", "MultipageWebAppDB.csproj", "{32758139-5528-42ED-BD7F-714B62BCF0BE}"
EndProject
Global
	GlobalSection(SolutionConfigurationPlatforms) = preSolution
		Debug|Any CPU = Debug|Any CPU
		Release|Any CPU = Release|Any CPU
	EndGlobalSection
	GlobalSection(ProjectConfigurationPlatforms) = postSolution
		{32758139-5528-42ED-BD7F-714B62BCF0BE}.Debug|Any CPU.ActiveCfg = Debug|Any CPU
		{32758139-5528-42ED-BD7F-714B62BCF0BE}.Debug|Any CPU.Build.0 = Debug|Any CPU
		{32758139-5528-42ED-BD7F-714B62BCF0BE}.Release|Any CPU.ActiveCfg = Release|Any CPU
		{32758139-5528-42ED-BD7F-714B62BCF0BE}.Release|Any CPU.Build.0 = Release|Any CPU
	EndGlobalSection
	GlobalSection(SolutionProperties) = preSolution
		HideSolutionNode = FALSE
	EndGlobalSection
	GlobalSection(ExtensibilityGlobals) = postSolution
		SolutionGuid = {883EF7F2-BFB7-45FE-B9E1-4783666C8DBB}
	EndGlobalSection
EndGlobal
