
Microsoft Visual Studio Solution File, Format Version 12.00
# Visual Studio Version 16
VisualStudioVersion = 16.0.31911.196
MinimumVisualStudioVersion = 10.0.40219.1
Project("{FAE04EC0-301F-11D3-BF4B-00C04F79EFBC}") = "Ch02FutureValueCluney", "Ch02FutureValueCluney.csproj", "{CF751467-8179-46F0-9619-29763B708BD6}"
EndProject
Global
	GlobalSection(SolutionConfigurationPlatforms) = preSolution
		Debug|Any CPU = Debug|Any CPU
		Release|Any CPU = Release|Any CPU
	EndGlobalSection
	GlobalSection(ProjectConfigurationPlatforms) = postSolution
		{CF751467-8179-46F0-9619-29763B708BD6}.Debug|Any CPU.ActiveCfg = Debug|Any CPU
		{CF751467-8179-46F0-9619-29763B708BD6}.Debug|Any CPU.Build.0 = Debug|Any CPU
		{CF751467-8179-46F0-9619-29763B708BD6}.Release|Any CPU.ActiveCfg = Release|Any CPU
		{CF751467-8179-46F0-9619-29763B708BD6}.Release|Any CPU.Build.0 = Release|Any CPU
	EndGlobalSection
	GlobalSection(SolutionProperties) = preSolution
		HideSolutionNode = FALSE
	EndGlobalSection
	GlobalSection(ExtensibilityGlobals) = postSolution
		SolutionGuid = {97B7642C-15E8-402A-BB9A-AD187FBBCA1E}
	EndGlobalSection
EndGlobal
