
Microsoft Visual Studio Solution File, Format Version 12.00
# Visual Studio Version 16
VisualStudioVersion = 16.0.31911.196
MinimumVisualStudioVersion = 10.0.40219.1
Project("{9A19103F-16F7-4668-BE54-9A1E7A4F7556}") = "FirstResponsiveWebAppCluney", "FirstResponsiveWebAppCluney.csproj", "{DCB8D914-04E6-49C0-A01B-EEAC54EBF77F}"
EndProject
Project("{FAE04EC0-301F-11D3-BF4B-00C04F79EFBC}") = "UnitTestingAgeCalculator", "..\UnitTestingAgeCalculator\UnitTestingAgeCalculator.csproj", "{8E28C1F1-6337-40C8-B44C-5191686DA01B}"
EndProject
Global
	GlobalSection(SolutionConfigurationPlatforms) = preSolution
		Debug|Any CPU = Debug|Any CPU
		Release|Any CPU = Release|Any CPU
	EndGlobalSection
	GlobalSection(ProjectConfigurationPlatforms) = postSolution
		{DCB8D914-04E6-49C0-A01B-EEAC54EBF77F}.Debug|Any CPU.ActiveCfg = Debug|Any CPU
		{DCB8D914-04E6-49C0-A01B-EEAC54EBF77F}.Debug|Any CPU.Build.0 = Debug|Any CPU
		{DCB8D914-04E6-49C0-A01B-EEAC54EBF77F}.Release|Any CPU.ActiveCfg = Release|Any CPU
		{DCB8D914-04E6-49C0-A01B-EEAC54EBF77F}.Release|Any CPU.Build.0 = Release|Any CPU
		{8E28C1F1-6337-40C8-B44C-5191686DA01B}.Debug|Any CPU.ActiveCfg = Debug|Any CPU
		{8E28C1F1-6337-40C8-B44C-5191686DA01B}.Debug|Any CPU.Build.0 = Debug|Any CPU
		{8E28C1F1-6337-40C8-B44C-5191686DA01B}.Release|Any CPU.ActiveCfg = Release|Any CPU
		{8E28C1F1-6337-40C8-B44C-5191686DA01B}.Release|Any CPU.Build.0 = Release|Any CPU
	EndGlobalSection
	GlobalSection(SolutionProperties) = preSolution
		HideSolutionNode = FALSE
	EndGlobalSection
	GlobalSection(ExtensibilityGlobals) = postSolution
		SolutionGuid = {349B8597-49F2-4BF2-8062-96DD5FA354AF}
	EndGlobalSection
EndGlobal
